schema: '2.0'
stages:
  train:
    cmd: python3 source/train.py
    deps:
    - path: data/processed/
      hash: md5
      md5: 22b4026dfc1ab28224e5d9854bb223f9.dir
      size: 743300167
      nfiles: 3
    - path: source/network/
      hash: md5
      md5: e076c21a097ca74e718bddc120e847e7.dir
      size: 86634
      nfiles: 21
    - path: source/network/CombinedModels.py
      hash: md5
      md5: cde5906e62ae430a961d3bb52fe3095c
      size: 599
    - path: source/network/dataset.py
      hash: md5
      md5: 6a33e657139e21b977f4d2deb79bf1e4
      size: 4231
    - path: source/network/latent.py
      hash: md5
      md5: 816a3f7a84d0c1fad0ee731d3f28048b
      size: 691
    - path: source/network/metrics.py
      hash: md5
      md5: edf8322a9643f164e7382b8a38ef00ae
      size: 1162
    - path: source/network/ravepqmf.py
      hash: md5
      md5: ff004d5afed02958b85ef7f204a0545f
      size: 6965
    - path: source/network/tcn.py
      hash: md5
      md5: 19a996b567eeb956edf96080d4c8a085
      size: 3121
    - path: source/network/tcnblocktraining.py
      hash: md5
      md5: ae645628b9f098e4278fc64c46a735f3
      size: 3032
    - path: source/network/testing.py
      hash: md5
      md5: de452e11000733257f93949f0aebd449
      size: 3808
    - path: source/network/training.py
      hash: md5
      md5: 87033e056a29c2680211f6bd911dd0b3
      size: 9342
    - path: source/train.py
      hash: md5
      md5: 927d780715253d937a7dffb75aad42e7
      size: 7835
    params:
      params.yaml:
        general.input_size: 508032
        general.random_seed: 55
        general.sample_rate: 44100
        train.batch_size: 2
        train.device_request: cuda
        train.dilation_growth: 3
        train.epochs: 1000
        train.input_file: data/processed/preprocessed_data.pt
        train.kernel_size: 6
        train.latent_dim: 128
        train.lr: 0.001
        train.n_bands: 8
        train.n_blocks: 2
        train.n_channels: 32
        train.n_inputs: 1
        train.name: model
        train.scheduler_rate: 0.1
        train.use_kl: false
        train.use_pqmf: true
        train.use_skip: true
        train.use_spectral: false
        train.use_tcn: false
  save_logs:
    cmd: python3 source/utils/logs.py
    outs:
    - path: exp_logs/slurm
      hash: md5
      md5: b9a568413284b1df9f37463fb25eeba3.dir
      size: 180414285
      nfiles: 91
    - path: exp_logs/tensorboard
      hash: md5
      md5: ff5d0c90543dae07d1303b3e4dae9c2d.dir
      size: 0
      nfiles: 1
