schema: '2.0'
stages:
  train:
    cmd: python3 source/train.py
    deps:
    - path: data/processed/
      hash: md5
      md5: c8cc4adc2b1969685513f0d9c8235bb0.dir
      size: 750261895
      nfiles: 3
    - path: source/network/
      hash: md5
      md5: 1e10f233e89f086a5977b39d99bf320d.dir
      size: 110044
      nfiles: 22
    - path: source/network/CombinedModels.py
      hash: md5
      md5: cde5906e62ae430a961d3bb52fe3095c
      size: 599
    - path: source/network/dataset.py
      hash: md5
      md5: 6a33e657139e21b977f4d2deb79bf1e4
      size: 4231
    - path: source/network/discriminator.py
      hash: md5
      md5: 4b6fee81585917729a78760034404e71
      size: 1285
    - path: source/network/latent.py
      hash: md5
      md5: 1c87c142135b5b79751ad0134b8ed6f4
      size: 829
    - path: source/network/metrics.py
      hash: md5
      md5: cdc7bfca0316cf52d2f32898e9186c07
      size: 2156
    - path: source/network/ravepqmf.py
      hash: md5
      md5: 6b1d8d0d4e150774d1d9ece29df3188a
      size: 6938
    - path: source/network/tcn.py
      hash: md5
      md5: 19a996b567eeb956edf96080d4c8a085
      size: 3121
    - path: source/network/testing.py
      hash: md5
      md5: b185332bc06e2a5466676ef47739919f
      size: 3842
    - path: source/network/training.py
      hash: md5
      md5: 6ca61eb379f9b6213d93d5c8198f74ff
      size: 15418
    - path: source/train.py
      hash: md5
      md5: f23d17f13611a733a807eaafbefcd4b1
      size: 13288
    params:
      params.yaml:
        discriminator.beta1: 0.5
        discriminator.beta2: 0.999
        discriminator.kernel_size: 4
        discriminator.lr: 0.0002
        discriminator.n_channels: 64
        discriminator.n_layers: 1
        discriminator.padding: 1
        discriminator.stride: 2
        gan.loss_type: hinge
        general.input_size: 524288
        general.random_seed: 55
        general.sample_rate: 44100
        metrics.additional_fft: true
        metrics.additional_mse: true
        metrics.additional_spec: true
        metrics.additional_stft: true
        metrics.loss_function: combined
        train.activation: prelu
        train.batch_size: 1
        train.device_request: cuda
        train.dilate_conv: true
        train.dilation_growth: 8
        train.epochs: 750
        train.input_file: data/processed/preprocessed_data.pt
        train.kernel_size: 16
        train.latent_dim: 64
        train.lr: 0.0001
        train.n_bands: 1
        train.n_blocks: 4
        train.n_channels: 32
        train.n_inputs: 1
        train.name: model
        train.padding: 71
        train.scheduler_rate: 0.1
        train.stride: 1
        train.use_adversarial: false
        train.use_batch_norm: false
        train.use_kl: false
        train.use_latent: conv
        train.use_noise: false
        train.use_pqmf: true
        train.use_residual: true
        train.use_skip: true
        train.use_tcn: false
        train.use_wn: false
    outs:
    - path: model/checkpoints/
      hash: md5
      md5: 4a3155a5ea51995163a71c3a02c7b1ef.dir
      size: 8870538
      nfiles: 2
  save_logs:
    cmd: python3 source/utils/logs.py
    outs:
    - path: exp_logs/slurm
      hash: md5
      md5: fa010d81d559c3016c64d229c4d72d85.dir
      size: 3604454281
      nfiles: 640
    - path: exp_logs/tensorboard
      hash: md5
      md5: f83b462e568e2688259943b165b97b7c.dir
      size: 0
      nfiles: 1
  export:
    cmd: python3 source/export.py
    deps:
    - path: model/checkpoints/
      hash: md5
      md5: 4a3155a5ea51995163a71c3a02c7b1ef.dir
      size: 8870538
      nfiles: 2
    - path: source/export.py
      hash: md5
      md5: 5446037fd05ebe724f43eaa53870c428
      size: 4586
    params:
      params.yaml:
        general.input_size: 524288
    outs:
    - path: model/exports/
      hash: md5
      md5: 5346836238cf81b11b78d56c960e1c05.dir
      size: 9129790
      nfiles: 1
